{
  "name": "nodejs-worker-persistent",
  "lockfileVersion": 3,
  "requires": true,
  "packages": {
    "": {
      "name": "nodejs-worker-persistent",
      "dependencies": {
        "flexsearch": "github:nextapps-de/flexsearch#v0.8-preview"
      }
    },
    "node_modules/flexsearch": {
      "version": "0.8.0",
      "resolved": "git+ssh://git@github.com/nextapps-de/flexsearch.git#a253897675cdb1361554abdc7f57305a6d52de25",
      "license": "Apache-2.0"
    }
  }
}
